// !$*UTF8*$!
{
	archiveVersion = 1;
	classes = {
	};
	objectVersion = 48;
	objects = {

/* Begin PBXBuildFile section */
		73CDB5E21FD91001007CF3CF /* AppDelegate.swift in Sources */ = {isa = PBXBuildFile; fileRef = 73CDB5E11FD91001007CF3CF /* AppDelegate.swift */; };
		73CDB5E41FD91001007CF3CF /* ViewController.swift in Sources */ = {isa = PBXBuildFile; fileRef = 73CDB5E31FD91001007CF3CF /* ViewController.swift */; };
		73CDB5E71FD91001007CF3CF /* Main.storyboard in Resources */ = {isa = PBXBuildFile; fileRef = 73CDB5E51FD91001007CF3CF /* Main.storyboard */; };
		73CDB5E91FD91001007CF3CF /* Assets.xcassets in Resources */ = {isa = PBXBuildFile; fileRef = 73CDB5E81FD91001007CF3CF /* Assets.xcassets */; };
		73CDB5EC1FD91001007CF3CF /* LaunchScreen.storyboard in Resources */ = {isa = PBXBuildFile; fileRef = 73CDB5EA1FD91001007CF3CF /* LaunchScreen.storyboard */; };
		73CDB5F41FD913B0007CF3CF /* SecondViewController.swift in Sources */ = {isa = PBXBuildFile; fileRef = 73CDB5F31FD913B0007CF3CF /* SecondViewController.swift */; };
		73CDB5F61FD91AE9007CF3CF /* MagentaViewController.swift in Sources */ = {isa = PBXBuildFile; fileRef = 73CDB5F51FD91AE9007CF3CF /* MagentaViewController.swift */; };
/* End PBXBuildFile section */

/* Begin PBXFileReference section */
		73CDB5DE1FD91001007CF3CF /* Segues.app */ = {isa = PBXFileReference; explicitFileType = wrapper.application; includeInIndex = 0; path = Segues.app; sourceTree = BUILT_PRODUCTS_DIR; };
		73CDB5E11FD91001007CF3CF /* AppDelegate.swift */ = {isa = PBXFileReference; lastKnownFileType = sourcecode.swift; path = AppDelegate.swift; sourceTree = "<group>"; };
		73CDB5E31FD91001007CF3CF /* ViewController.swift */ = {isa = PBXFileReference; lastKnownFileType = sourcecode.swift; path = ViewController.swift; sourceTree = "<group>"; };
		73CDB5E61FD91001007CF3CF /* Base */ = {isa = PBXFileReference; lastKnownFileType = file.storyboard; name = Base; path = Base.lproj/Main.storyboard; sourceTree = "<group>"; };
		73CDB5E81FD91001007CF3CF /* Assets.xcassets */ = {isa = PBXFileReference; lastKnownFileType = folder.assetcatalog; path = Assets.xcassets; sourceTree = "<group>"; };
		73CDB5EB1FD91001007CF3CF /* Base */ = {isa = PBXFileReference; lastKnownFileType = file.storyboard; name = Base; path = Base.lproj/LaunchScreen.storyboard; sourceTree = "<group>"; };
		73CDB5ED1FD91001007CF3CF /* Info.plist */ = {isa = PBXFileReference; lastKnownFileType = text.plist.xml; path = Info.plist; sourceTree = "<group>"; };
		73CDB5F31FD913B0007CF3CF /* SecondViewController.swift */ = {isa = PBXFileReference; lastKnownFileType = sourcecode.swift; path = SecondViewController.swift; sourceTree = "<group>"; };
		73CDB5F51FD91AE9007CF3CF /* MagentaViewController.swift */ = {isa = PBXFileReference; lastKnownFileType = sourcecode.swift; path = MagentaViewController.swift; sourceTree = "<group>"; };
/* End PBXFileReference section */

/* Begin PBXFrameworksBuildPhase section */
		73CDB5DB1FD91001007CF3CF /* Frameworks */ = {
			isa = PBXFrameworksBuildPhase;
			buildActionMask = 2147483647;
			files = (
			);
			runOnlyForDeploymentPostprocessing = 0;
		};
/* End PBXFrameworksBuildPhase section */

/* Begin PBXGroup section */
		73CDB5D51FD91001007CF3CF = {
			isa = PBXGroup;
			children = (
				73CDB5E01FD91001007CF3CF /* Segues */,
				73CDB5DF1FD91001007CF3CF /* Products */,
			);
			sourceTree = "<group>";
		};
		73CDB5DF1FD91001007CF3CF /* Products */ = {
			isa = PBXGroup;
			children = (
				73CDB5DE1FD91001007CF3CF /* Segues.app */,
			);
			name = Products;
			sourceTree = "<group>";
		};
		73CDB5E01FD91001007CF3CF /* Segues */ = {
			isa = PBXGroup;
			children = (
				73CDB5FB1FD91B71007CF3CF /* Supporting Files */,
				73CDB5FA1FD91B3E007CF3CF /* Resources */,
				73CDB5F91FD91B28007CF3CF /* View */,
				73CDB5F81FD91B21007CF3CF /* Model */,
				73CDB5F71FD91AF2007CF3CF /* Controllers */,
			);
			path = Segues;
			sourceTree = "<group>";
		};
		73CDB5F71FD91AF2007CF3CF /* Controllers */ = {
			isa = PBXGroup;
			children = (
				73CDB5E11FD91001007CF3CF /* AppDelegate.swift */,
				73CDB5F31FD913B0007CF3CF /* SecondViewController.swift */,
				73CDB5F51FD91AE9007CF3CF /* MagentaViewController.swift */,
				73CDB5E31FD91001007CF3CF /* ViewController.swift */,
			);
			path = Controllers;
			sourceTree = "<group>";
		};
		73CDB5F81FD91B21007CF3CF /* Model */ = {
			isa = PBXGroup;
			children = (
			);
			path = Model;
			sourceTree = "<group>";
		};
		73CDB5F91FD91B28007CF3CF /* View */ = {
			isa = PBXGroup;
			children = (
				73CDB5EA1FD91001007CF3CF /* LaunchScreen.storyboard */,
				73CDB5E51FD91001007CF3CF /* Main.storyboard */,
			);
			path = View;
			sourceTree = "<group>";
		};
		73CDB5FA1FD91B3E007CF3CF /* Resources */ = {
			isa = PBXGroup;
			children = (
				73CDB5E81FD91001007CF3CF /* Assets.xcassets */,
			);
			path = Resources;
			sourceTree = "<group>";
		};
		73CDB5FB1FD91B71007CF3CF /* Supporting Files */ = {
			isa = PBXGroup;
			children = (
				73CDB5ED1FD91001007CF3CF /* Info.plist */,
			);
			path = "Supporting Files";
			sourceTree = "<group>";
		};
/* End PBXGroup section */

/* Begin PBXNativeTarget section */
		73CDB5DD1FD91001007CF3CF /* Segues */ = {
			isa = PBXNativeTarget;
			buildConfigurationList = 73CDB5F01FD91001007CF3CF /* Build configuration list for PBXNativeTarget "Segues" */;
			buildPhases = (
				73CDB5DA1FD91001007CF3CF /* Sources */,
				73CDB5DB1FD91001007CF3CF /* Frameworks */,
				73CDB5DC1FD91001007CF3CF /* Resources */,
			);
			buildRules = (
			);
			dependencies = (
			);
			name = Segues;
			productName = Segues;
			productReference = 73CDB5DE1FD91001007CF3CF /* Segues.app */;
			productType = "com.apple.product-type.application";
		};
/* End PBXNativeTarget section */

/* Begin PBXProject section */
		73CDB5D61FD91001007CF3CF /* Project object */ = {
			isa = PBXProject;
			attributes = {
				LastSwiftUpdateCheck = 0910;
				LastUpgradeCheck = 0910;
				ORGANIZATIONNAME = "Larry Nickerson";
				TargetAttributes = {
					73CDB5DD1FD91001007CF3CF = {
						CreatedOnToolsVersion = 9.1;
						ProvisioningStyle = Automatic;
					};
				};
			};
			buildConfigurationList = 73CDB5D91FD91001007CF3CF /* Build configuration list for PBXProject "Segues" */;
			compatibilityVersion = "Xcode 8.0";
			developmentRegion = en;
			hasScannedForEncodings = 0;
			knownRegions = (
				en,
				Base,
			);
			mainGroup = 73CDB5D51FD91001007CF3CF;
			productRefGroup = 73CDB5DF1FD91001007CF3CF /* Products */;
			projectDirPath = "";
			projectRoot = "";
			targets = (
				73CDB5DD1FD91001007CF3CF /* Segues */,
			);
		};
/* End PBXProject section */

/* Begin PBXResourcesBuildPhase section */
		73CDB5DC1FD91001007CF3CF /* Resources */ = {
			isa = PBXResourcesBuildPhase;
			buildActionMask = 2147483647;
			files = (
				73CDB5EC1FD91001007CF3CF /* LaunchScreen.storyboard in Resources */,
				73CDB5E91FD91001007CF3CF /* Assets.xcassets in Resources */,
				73CDB5E71FD91001007CF3CF /* Main.storyboard in Resources */,
			);
			runOnlyForDeploymentPostprocessing = 0;
		};
/* End PBXResourcesBuildPhase section */

/* Begin PBXSourcesBuildPhase section */
		73CDB5DA1FD91001007CF3CF /* Sources */ = {
			isa = PBXSourcesBuildPhase;
			buildActionMask = 2147483647;
			files = (
				73CDB5F41FD913B0007CF3CF /* SecondViewController.swift in Sources */,
				73CDB5E41FD91001007CF3CF /* ViewController.swift in Sources */,
				73CDB5F61FD91AE9007CF3CF /* MagentaViewController.swift in Sources */,
				73CDB5E21FD91001007CF3CF /* AppDelegate.swift in Sources */,
			);
			runOnlyForDeploymentPostprocessing = 0;
		};
/* End PBXSourcesBuildPhase section */

/* Begin PBXVariantGroup section */
		73CDB5E51FD91001007CF3CF /* Main.storyboard */ = {
			isa = PBXVariantGroup;
			children = (
				73CDB5E61FD91001007CF3CF /* Base */,
			);
			name = Main.storyboard;
			sourceTree = "<group>";
		};
		73CDB5EA1FD91001007CF3CF /* LaunchScreen.storyboard */ = {
			isa = PBXVariantGroup;
			children = (
				73CDB5EB1FD91001007CF3CF /* Base */,
			);
			name = LaunchScreen.storyboard;
			sourceTree = "<group>";
		};
/* End PBXVariantGroup section */

/* Begin XCBuildConfiguration section */
		73CDB5EE1FD91001007CF3CF /* Debug */ = {
			isa = XCBuildConfiguration;
			buildSettings = {
				ALWAYS_SEARCH_USER_PATHS = NO;
				CLANG_ANALYZER_NONNULL = YES;
				CLANG_ANALYZER_NUMBER_OBJECT_CONVERSION = YES_AGGRESSIVE;
				CLANG_CXX_LANGUAGE_STANDARD = "gnu++14";
				CLANG_CXX_LIBRARY = "libc++";
				CLANG_ENABLE_MODULES = YES;
				CLANG_ENABLE_OBJC_ARC = YES;
				CLANG_WARN_BLOCK_CAPTURE_AUTORELEASING = YES;
				CLANG_WARN_BOOL_CONVERSION = YES;
				CLANG_WARN_COMMA = YES;
				CLANG_WARN_CONSTANT_CONVERSION = YES;
				CLANG_WARN_DIRECT_OBJC_ISA_USAGE = YES_ERROR;
				CLANG_WARN_DOCUMENTATION_COMMENTS = YES;
				CLANG_WARN_EMPTY_BODY = YES;
				CLANG_WARN_ENUM_CONVERSION = YES;
				CLANG_WARN_INFINITE_RECURSION = YES;
				CLANG_WARN_INT_CONVERSION = YES;
				CLANG_WARN_NON_LITERAL_NULL_CONVERSION = YES;
				CLANG_WARN_OBJC_LITERAL_CONVERSION = YES;
				CLANG_WARN_OBJC_ROOT_CLASS = YES_ERROR;
				CLANG_WARN_RANGE_LOOP_ANALYSIS = YES;
				CLANG_WARN_STRICT_PROTOTYPES = YES;
				CLANG_WARN_SUSPICIOUS_MOVE = YES;
				CLANG_WARN_UNGUARDED_AVAILABILITY = YES_AGGRESSIVE;
				CLANG_WARN_UNREACHABLE_CODE = YES;
				CLANG_WARN__DUPLICATE_METHOD_MATCH = YES;
				CODE_SIGN_IDENTITY = "iPhone Developer";
				COPY_PHASE_STRIP = NO;
				DEBUG_INFORMATION_FORMAT = dwarf;
				ENABLE_STRICT_OBJC_MSGSEND = YES;
				ENABLE_TESTABILITY = YES;
				GCC_C_LANGUAGE_STANDARD = gnu11;
				GCC_DYNAMIC_NO_PIC = NO;
				GCC_NO_COMMON_BLOCKS = YES;
				GCC_OPTIMIZATION_LEVEL = 0;
				GCC_PREPROCESSOR_DEFINITIONS = (
					"DEBUG=1",
					"$(inherited)",
				);
				GCC_WARN_64_TO_32_BIT_CONVERSION = YES;
				GCC_WARN_ABOUT_RETURN_TYPE = YES_ERROR;
				GCC_WARN_UNDECLARED_SELECTOR = YES;
				GCC_WARN_UNINITIALIZED_AUTOS = YES_AGGRESSIVE;
				GCC_WARN_UNUSED_FUNCTION = YES;
				GCC_WARN_UNUSED_VARIABLE = YES;
				IPHONEOS_DEPLOYMENT_TARGET = 11.1;
				MTL_ENABLE_DEBUG_INFO = YES;
				ONLY_ACTIVE_ARCH = YES;
				SDKROOT = iphoneos;
				SWIFT_ACTIVE_COMPILATION_CONDITIONS = DEBUG;
				SWIFT_OPTIMIZATION_LEVEL = "-Onone";
			};
			name = Debug;
		};
		73CDB5EF1FD91001007CF3CF /* Release */ = {
			isa = XCBuildConfiguration;
			buildSettings = {
				ALWAYS_SEARCH_USER_PATHS = NO;
				CLANG_ANALYZER_NONNULL = YES;
				CLANG_ANALYZER_NUMBER_OBJECT_CONVERSION = YES_AGGRESSIVE;
				CLANG_CXX_LANGUAGE_STANDARD = "gnu++14";
				CLANG_CXX_LIBRARY = "libc++";
				CLANG_ENABLE_MODULES = YES;
				CLANG_ENABLE_OBJC_ARC = YES;
				CLANG_WARN_BLOCK_CAPTURE_AUTORELEASING = YES;
				CLANG_WARN_BOOL_CONVERSION = YES;
				CLANG_WARN_COMMA = YES;
				CLANG_WARN_CONSTANT_CONVERSION = YES;
				CLANG_WARN_DIRECT_OBJC_ISA_USAGE = YES_ERROR;
				CLANG_WARN_DOCUMENTATION_COMMENTS = YES;
				CLANG_WARN_EMPTY_BODY = YES;
				CLANG_WARN_ENUM_CONVERSION = YES;
				CLANG_WARN_INFINITE_RECURSION = YES;
				CLANG_WARN_INT_CONVERSION = YES;
				CLANG_WARN_NON_LITERAL_NULL_CONVERSION = YES;
				CLANG_WARN_OBJC_LITERAL_CONVERSION = YES;
				CLANG_WARN_OBJC_ROOT_CLASS = YES_ERROR;
				CLANG_WARN_RANGE_LOOP_ANALYSIS = YES;
				CLANG_WARN_STRICT_PROTOTYPES = YES;
				CLANG_WARN_SUSPICIOUS_MOVE = YES;
				CLANG_WARN_UNGUARDED_AVAILABILITY = YES_AGGRESSIVE;
				CLANG_WARN_UNREACHABLE_CODE = YES;
				CLANG_WARN__DUPLICATE_METHOD_MATCH = YES;
				CODE_SIGN_IDENTITY = "iPhone Developer";
				COPY_PHASE_STRIP = NO;
				DEBUG_INFORMATION_FORMAT = "dwarf-with-dsym";
				ENABLE_NS_ASSERTIONS = NO;
				ENABLE_STRICT_OBJC_MSGSEND = YES;
				GCC_C_LANGUAGE_STANDARD = gnu11;
				GCC_NO_COMMON_BLOCKS = YES;
				GCC_WARN_64_TO_32_BIT_CONVERSION = YES;
				GCC_WARN_ABOUT_RETURN_TYPE = YES_ERROR;
				GCC_WARN_UNDECLARED_SELECTOR = YES;
				GCC_WARN_UNINITIALIZED_AUTOS = YES_AGGRESSIVE;
				GCC_WARN_UNUSED_FUNCTION = YES;
				GCC_WARN_UNUSED_VARIABLE = YES;
				IPHONEOS_DEPLOYMENT_TARGET = 11.1;
				MTL_ENABLE_DEBUG_INFO = NO;
				SDKROOT = iphoneos;
				SWIFT_OPTIMIZATION_LEVEL = "-Owholemodule";
				VALIDATE_PRODUCT = YES;
			};
			name = Release;
		};
		73CDB5F11FD91001007CF3CF /* Debug */ = {
			isa = XCBuildConfiguration;
			buildSettings = {
				ASSETCATALOG_COMPILER_APPICON_NAME = AppIcon;
				CODE_SIGN_STYLE = Automatic;
				INFOPLIST_FILE = "Segues/Supporting Files/Info.plist";
				LD_RUNPATH_SEARCH_PATHS = "$(inherited) @executable_path/Frameworks";
				PRODUCT_BUNDLE_IDENTIFIER = com.invirtstudios.Segues;
				PRODUCT_NAME = "$(TARGET_NAME)";
				SWIFT_VERSION = 4.0;
				TARGETED_DEVICE_FAMILY = "1,2";
			};
			name = Debug;
		};
		73CDB5F21FD91001007CF3CF /* Release */ = {
			isa = XCBuildConfiguration;
			buildSettings = {
				ASSETCATALOG_COMPILER_APPICON_NAME = AppIcon;
				CODE_SIGN_STYLE = Automatic;
				INFOPLIST_FILE = "Segues/Supporting Files/Info.plist";
				LD_RUNPATH_SEARCH_PATHS = "$(inherited) @executable_path/Frameworks";
				PRODUCT_BUNDLE_IDENTIFIER = com.invirtstudios.Segues;
				PRODUCT_NAME = "$(TARGET_NAME)";
				SWIFT_VERSION = 4.0;
				TARGETED_DEVICE_FAMILY = "1,2";
			};
			name = Release;
		};
/* End XCBuildConfiguration section */

/* Begin XCConfigurationList section */
		73CDB5D91FD91001007CF3CF /* Build configuration list for PBXProject "Segues" */ = {
			isa = XCConfigurationList;
			buildConfigurations = (
				73CDB5EE1FD91001007CF3CF /* Debug */,
				73CDB5EF1FD91001007CF3CF /* Release */,
			);
			defaultConfigurationIsVisible = 0;
			defaultConfigurationName = Release;
		};
		73CDB5F01FD91001007CF3CF /* Build configuration list for PBXNativeTarget "Segues" */ = {
			isa = XCConfigurationList;
			buildConfigurations = (
				73CDB5F11FD91001007CF3CF /* Debug */,
				73CDB5F21FD91001007CF3CF /* Release */,
			);
			defaultConfigurationIsVisible = 0;
			defaultConfigurationName = Release;
		};
/* End XCConfigurationList section */
	};
	rootObject = 73CDB5D61FD91001007CF3CF /* Project object */;
}
